
Microsoft Visual Studio Solution File, Format Version 12.00
# Visual Studio 15
VisualStudioVersion = 15.0.28307.1525
MinimumVisualStudioVersion = 10.0.40219.1
Project("{FAE04EC0-301F-11D3-BF4B-00C04F79EFBC}") = "SportsStore.Domain", "SportsStore.Domain\SportsStore.Domain.csproj", "{01C49364-BAC9-465E-AB12-697A62677D52}"
EndProject
Project("{FAE04EC0-301F-11D3-BF4B-00C04F79EFBC}") = "SportsStore.WebUI", "SportsStore.WebUI\SportsStore.WebUI.csproj", "{C99904F3-E463-4A18-9805-32F156D22BC7}"
EndProject
Project("{FAE04EC0-301F-11D3-BF4B-00C04F79EFBC}") = "SportsStore.UnitTests", "SportsStore.UnitTests\SportsStore.UnitTests.csproj", "{BEF8D5B6-3DE7-4843-8436-8A7B3FE14815}"
EndProject
Global
	GlobalSection(SolutionConfigurationPlatforms) = preSolution
		Debug|Any CPU = Debug|Any CPU
		Release|Any CPU = Release|Any CPU
	EndGlobalSection
	GlobalSection(ProjectConfigurationPlatforms) = postSolution
		{01C49364-BAC9-465E-AB12-697A62677D52}.Debug|Any CPU.ActiveCfg = Debug|Any CPU
		{01C49364-BAC9-465E-AB12-697A62677D52}.Debug|Any CPU.Build.0 = Debug|Any CPU
		{01C49364-BAC9-465E-AB12-697A62677D52}.Release|Any CPU.ActiveCfg = Release|Any CPU
		{01C49364-BAC9-465E-AB12-697A62677D52}.Release|Any CPU.Build.0 = Release|Any CPU
		{C99904F3-E463-4A18-9805-32F156D22BC7}.Debug|Any CPU.ActiveCfg = Debug|Any CPU
		{C99904F3-E463-4A18-9805-32F156D22BC7}.Debug|Any CPU.Build.0 = Debug|Any CPU
		{C99904F3-E463-4A18-9805-32F156D22BC7}.Release|Any CPU.ActiveCfg = Release|Any CPU
		{C99904F3-E463-4A18-9805-32F156D22BC7}.Release|Any CPU.Build.0 = Release|Any CPU
		{BEF8D5B6-3DE7-4843-8436-8A7B3FE14815}.Debug|Any CPU.ActiveCfg = Debug|Any CPU
		{BEF8D5B6-3DE7-4843-8436-8A7B3FE14815}.Debug|Any CPU.Build.0 = Debug|Any CPU
		{BEF8D5B6-3DE7-4843-8436-8A7B3FE14815}.Release|Any CPU.ActiveCfg = Release|Any CPU
		{BEF8D5B6-3DE7-4843-8436-8A7B3FE14815}.Release|Any CPU.Build.0 = Release|Any CPU
	EndGlobalSection
	GlobalSection(SolutionProperties) = preSolution
		HideSolutionNode = FALSE
	EndGlobalSection
	GlobalSection(ExtensibilityGlobals) = postSolution
		SolutionGuid = {55E00674-13A1-4775-9429-9D685759EEF1}
	EndGlobalSection
EndGlobal
